
Microsoft Visual Studio Solution File, Format Version 12.00
# Visual Studio 2012
# SharpDevelop 5.1
VisualStudioVersion = 12.0.20827.3
MinimumVisualStudioVersion = 10.0.40219.1
Project("{FAE04EC0-301F-11D3-BF4B-00C04F79EFBC}") = "HostingDB", "HostingDB\HostingDB.csproj", "{90CB9C27-A83E-48F6-8D91-6695375228A8}"
EndProject
Global
	GlobalSection(SolutionConfigurationPlatforms) = preSolution
		Debug|Any CPU = Debug|Any CPU
		Release|Any CPU = Release|Any CPU
	EndGlobalSection
	GlobalSection(ProjectConfigurationPlatforms) = postSolution
		{90CB9C27-A83E-48F6-8D91-6695375228A8}.Debug|Any CPU.ActiveCfg = Debug|Any CPU
		{90CB9C27-A83E-48F6-8D91-6695375228A8}.Debug|Any CPU.Build.0 = Debug|Any CPU
		{90CB9C27-A83E-48F6-8D91-6695375228A8}.Release|Any CPU.ActiveCfg = Release|Any CPU
		{90CB9C27-A83E-48F6-8D91-6695375228A8}.Release|Any CPU.Build.0 = Release|Any CPU
	EndGlobalSection
EndGlobal
